
Microsoft Visual Studio Solution File, Format Version 12.00
# Visual Studio Version 16
VisualStudioVersion = 16.0.30907.101
MinimumVisualStudioVersion = 10.0.40219.1
Project("{FAE04EC0-301F-11D3-BF4B-00C04F79EFBC}") = "GameButton", "GameButton\GameButton.csproj", "{6FAD389D-C371-4936-86BC-C658AB9BD829}"
EndProject
Global
	GlobalSection(SolutionConfigurationPlatforms) = preSolution
		Debug|Any CPU = Debug|Any CPU
		Release|Any CPU = Release|Any CPU
	EndGlobalSection
	GlobalSection(ProjectConfigurationPlatforms) = postSolution
		{6FAD389D-C371-4936-86BC-C658AB9BD829}.Debug|Any CPU.ActiveCfg = Debug|Any CPU
		{6FAD389D-C371-4936-86BC-C658AB9BD829}.Debug|Any CPU.Build.0 = Debug|Any CPU
		{6FAD389D-C371-4936-86BC-C658AB9BD829}.Release|Any CPU.ActiveCfg = Release|Any CPU
		{6FAD389D-C371-4936-86BC-C658AB9BD829}.Release|Any CPU.Build.0 = Release|Any CPU
	EndGlobalSection
	GlobalSection(SolutionProperties) = preSolution
		HideSolutionNode = FALSE
	EndGlobalSection
	GlobalSection(ExtensibilityGlobals) = postSolution
		SolutionGuid = {0F5E8F45-1092-4F4B-8CFB-937245F1291C}
	EndGlobalSection
EndGlobal
