
Microsoft Visual Studio Solution File, Format Version 12.00
# Visual Studio Version 16
VisualStudioVersion = 16.0.30907.101
MinimumVisualStudioVersion = 10.0.40219.1
Project("{FAE04EC0-301F-11D3-BF4B-00C04F79EFBC}") = "HealthComponent Sys", "HealthComponent Sys\HealthComponent Sys.csproj", "{CCBAF469-6160-406C-BF97-0675AC4B30B2}"
EndProject
Global
	GlobalSection(SolutionConfigurationPlatforms) = preSolution
		Debug|Any CPU = Debug|Any CPU
		Release|Any CPU = Release|Any CPU
	EndGlobalSection
	GlobalSection(ProjectConfigurationPlatforms) = postSolution
		{CCBAF469-6160-406C-BF97-0675AC4B30B2}.Debug|Any CPU.ActiveCfg = Debug|Any CPU
		{CCBAF469-6160-406C-BF97-0675AC4B30B2}.Debug|Any CPU.Build.0 = Debug|Any CPU
		{CCBAF469-6160-406C-BF97-0675AC4B30B2}.Release|Any CPU.ActiveCfg = Release|Any CPU
		{CCBAF469-6160-406C-BF97-0675AC4B30B2}.Release|Any CPU.Build.0 = Release|Any CPU
	EndGlobalSection
	GlobalSection(SolutionProperties) = preSolution
		HideSolutionNode = FALSE
	EndGlobalSection
	GlobalSection(ExtensibilityGlobals) = postSolution
		SolutionGuid = {7E11586F-12A7-4296-A0C2-2D2E1B28A2F6}
	EndGlobalSection
EndGlobal
