
Microsoft Visual Studio Solution File, Format Version 12.00
# Visual Studio Version 16
VisualStudioVersion = 16.0.30907.101
MinimumVisualStudioVersion = 10.0.40219.1
Project("{FAE04EC0-301F-11D3-BF4B-00C04F79EFBC}") = "Rectangles Sys", "Rectangles Sys\Rectangles Sys.csproj", "{D3A95108-D07B-4D38-AF92-0D0A29850116}"
EndProject
Global
	GlobalSection(SolutionConfigurationPlatforms) = preSolution
		Debug|Any CPU = Debug|Any CPU
		Release|Any CPU = Release|Any CPU
	EndGlobalSection
	GlobalSection(ProjectConfigurationPlatforms) = postSolution
		{D3A95108-D07B-4D38-AF92-0D0A29850116}.Debug|Any CPU.ActiveCfg = Debug|Any CPU
		{D3A95108-D07B-4D38-AF92-0D0A29850116}.Debug|Any CPU.Build.0 = Debug|Any CPU
		{D3A95108-D07B-4D38-AF92-0D0A29850116}.Release|Any CPU.ActiveCfg = Release|Any CPU
		{D3A95108-D07B-4D38-AF92-0D0A29850116}.Release|Any CPU.Build.0 = Release|Any CPU
	EndGlobalSection
	GlobalSection(SolutionProperties) = preSolution
		HideSolutionNode = FALSE
	EndGlobalSection
	GlobalSection(ExtensibilityGlobals) = postSolution
		SolutionGuid = {EBFAADB0-20A0-46CD-B10C-FECCDF8D41B4}
	EndGlobalSection
EndGlobal
